
Microsoft Visual Studio Solution File, Format Version 12.00
# Visual Studio Version 16
VisualStudioVersion = 16.0.30611.23
MinimumVisualStudioVersion = 10.0.40219.1
Project("{FAE04EC0-301F-11D3-BF4B-00C04F79EFBC}") = "Demo_DesignPattern", "Demo_DesignPattern\Demo_DesignPattern.csproj", "{B05E6390-4C0C-4011-83B1-F36E9E66C130}"
EndProject
Global
	GlobalSection(SolutionConfigurationPlatforms) = preSolution
		Debug|Any CPU = Debug|Any CPU
		Release|Any CPU = Release|Any CPU
	EndGlobalSection
	GlobalSection(ProjectConfigurationPlatforms) = postSolution
		{B05E6390-4C0C-4011-83B1-F36E9E66C130}.Debug|Any CPU.ActiveCfg = Debug|Any CPU
		{B05E6390-4C0C-4011-83B1-F36E9E66C130}.Debug|Any CPU.Build.0 = Debug|Any CPU
		{B05E6390-4C0C-4011-83B1-F36E9E66C130}.Release|Any CPU.ActiveCfg = Release|Any CPU
		{B05E6390-4C0C-4011-83B1-F36E9E66C130}.Release|Any CPU.Build.0 = Release|Any CPU
	EndGlobalSection
	GlobalSection(SolutionProperties) = preSolution
		HideSolutionNode = FALSE
	EndGlobalSection
	GlobalSection(ExtensibilityGlobals) = postSolution
		SolutionGuid = {43FD4552-A8EE-48F4-86CA-82829ADFF513}
	EndGlobalSection
EndGlobal
